{
  "nodes": {
    "catppuccin-fish": {
      "flake": false,
      "locked": {
        "lastModified": 1725094139,
        "narHash": "sha256-udiU2TOh0lYL7K7ylbt+BGlSDgCjMpy75vQ98C1kFcc=",
        "owner": "catppuccin",
        "repo": "fish",
        "rev": "cc8e4d8fffbdaab07b3979131030b234596f18da",
        "type": "github"
      },
      "original": {
        "owner": "catppuccin",
        "repo": "fish",
        "type": "github"
      }
    },
    "home-manager": {
      "inputs": {
        "nixpkgs": [
          "nixpkgs"
        ]
      },
      "locked": {
        "lastModified": 1739002622,
        "narHash": "sha256-PtJV5OYQF7XO6XkDYypsYJS3+OsgYaYSmkO3I/A7lZo=",
        "owner": "nix-community",
        "repo": "home-manager",
        "rev": "947eef9e99c42346cf0aac2bebe1cd94924c173b",
        "type": "github"
      },
      "original": {
        "owner": "nix-community",
        "repo": "home-manager",
        "type": "github"
      }
    },
    "nixpkgs": {
      "locked": {
        "lastModified": 1739736696,
        "narHash": "sha256-zON2GNBkzsIyALlOCFiEBcIjI4w38GYOb+P+R4S8Jsw=",
        "owner": "nixos",
        "repo": "nixpkgs",
        "rev": "d74a2335ac9c133d6bbec9fc98d91a77f1604c1f",
        "type": "github"
      },
      "original": {
        "owner": "nixos",
        "ref": "nixos-unstable",
        "repo": "nixpkgs",
        "type": "github"
      }
    },
    "root": {
      "inputs": {
        "catppuccin-fish": "catppuccin-fish",
        "home-manager": "home-manager",
        "nixpkgs": "nixpkgs"
      }
    }
  },
  "root": "root",
  "version": 7
}
